
Microsoft Visual Studio Solution File, Format Version 12.00
# Visual Studio Version 17
VisualStudioVersion = 17.11.35327.3
MinimumVisualStudioVersion = 10.0.40219.1
Project("{FAE04EC0-301F-11D3-BF4B-00C04F79EFBC}") = "ödev_ymg.cs", "ödev.ymg\ödev_ymg.cs.csproj", "{B584D404-EAE0-4CC2-B7AC-7C815258A43C}"
EndProject
Global
	GlobalSection(SolutionConfigurationPlatforms) = preSolution
		Debug|Any CPU = Debug|Any CPU
		Release|Any CPU = Release|Any CPU
	EndGlobalSection
	GlobalSection(ProjectConfigurationPlatforms) = postSolution
		{B584D404-EAE0-4CC2-B7AC-7C815258A43C}.Debug|Any CPU.ActiveCfg = Debug|Any CPU
		{B584D404-EAE0-4CC2-B7AC-7C815258A43C}.Debug|Any CPU.Build.0 = Debug|Any CPU
		{B584D404-EAE0-4CC2-B7AC-7C815258A43C}.Release|Any CPU.ActiveCfg = Release|Any CPU
		{B584D404-EAE0-4CC2-B7AC-7C815258A43C}.Release|Any CPU.Build.0 = Release|Any CPU
	EndGlobalSection
	GlobalSection(SolutionProperties) = preSolution
		HideSolutionNode = FALSE
	EndGlobalSection
	GlobalSection(ExtensibilityGlobals) = postSolution
		SolutionGuid = {EE7096E3-9B93-41C6-8131-9017D416A9F5}
	EndGlobalSection
EndGlobal
